
Microsoft Visual Studio Solution File, Format Version 12.00
# Visual Studio Version 16
VisualStudioVersion = 16.0.30907.101
MinimumVisualStudioVersion = 10.0.40219.1
Project("{FAE04EC0-301F-11D3-BF4B-00C04F79EFBC}") = "TrackStudyTime", "TrackStudyTime\TrackStudyTime.csproj", "{31A97395-4E6B-4024-B490-9E29937A7CD4}"
EndProject
Global
	GlobalSection(SolutionConfigurationPlatforms) = preSolution
		Debug|Any CPU = Debug|Any CPU
		Release|Any CPU = Release|Any CPU
		rilascia|Any CPU = rilascia|Any CPU
	EndGlobalSection
	GlobalSection(ProjectConfigurationPlatforms) = postSolution
		{31A97395-4E6B-4024-B490-9E29937A7CD4}.Debug|Any CPU.ActiveCfg = Debug|Any CPU
		{31A97395-4E6B-4024-B490-9E29937A7CD4}.Debug|Any CPU.Build.0 = Debug|Any CPU
		{31A97395-4E6B-4024-B490-9E29937A7CD4}.Release|Any CPU.ActiveCfg = Release|Any CPU
		{31A97395-4E6B-4024-B490-9E29937A7CD4}.Release|Any CPU.Build.0 = Release|Any CPU
		{31A97395-4E6B-4024-B490-9E29937A7CD4}.rilascia|Any CPU.ActiveCfg = Release|Any CPU
		{31A97395-4E6B-4024-B490-9E29937A7CD4}.rilascia|Any CPU.Build.0 = Release|Any CPU
	EndGlobalSection
	GlobalSection(SolutionProperties) = preSolution
		HideSolutionNode = FALSE
	EndGlobalSection
	GlobalSection(ExtensibilityGlobals) = postSolution
		SolutionGuid = {4885030D-1E4D-46B7-878D-82A8A981675E}
	EndGlobalSection
EndGlobal
